
Microsoft Visual Studio Solution File, Format Version 12.00
# Visual Studio Version 17
VisualStudioVersion = 17.3.32611.2
MinimumVisualStudioVersion = 10.0.40219.1
Project("{2150E333-8FDC-42A3-9474-1A3956D46DE8}") = "src", "src", "{04F3D8C1-0682-4BAF-8058-407327E57A92}"
EndProject
Project("{9A19103F-16F7-4668-BE54-9A1E7A4F7556}") = "ThFnsc.Nobreak", "src\ThFnsc.Nobreak\ThFnsc.Nobreak.csproj", "{580E080A-FEA2-4DA8-8F5C-1FB2617222E2}"
EndProject
Project("{9A19103F-16F7-4668-BE54-9A1E7A4F7556}") = "ThFnsc.Nobreak.Core", "src\ThFnsc.Nobreak.Core\ThFnsc.Nobreak.Core.csproj", "{C7B0E0EE-11F2-4FFD-A7D1-D78554D48D90}"
EndProject
Global
	GlobalSection(SolutionConfigurationPlatforms) = preSolution
		Debug|Any CPU = Debug|Any CPU
		Release|Any CPU = Release|Any CPU
	EndGlobalSection
	GlobalSection(ProjectConfigurationPlatforms) = postSolution
		{580E080A-FEA2-4DA8-8F5C-1FB2617222E2}.Debug|Any CPU.ActiveCfg = Debug|Any CPU
		{580E080A-FEA2-4DA8-8F5C-1FB2617222E2}.Debug|Any CPU.Build.0 = Debug|Any CPU
		{580E080A-FEA2-4DA8-8F5C-1FB2617222E2}.Release|Any CPU.ActiveCfg = Release|Any CPU
		{580E080A-FEA2-4DA8-8F5C-1FB2617222E2}.Release|Any CPU.Build.0 = Release|Any CPU
		{C7B0E0EE-11F2-4FFD-A7D1-D78554D48D90}.Debug|Any CPU.ActiveCfg = Debug|Any CPU
		{C7B0E0EE-11F2-4FFD-A7D1-D78554D48D90}.Debug|Any CPU.Build.0 = Debug|Any CPU
		{C7B0E0EE-11F2-4FFD-A7D1-D78554D48D90}.Release|Any CPU.ActiveCfg = Release|Any CPU
		{C7B0E0EE-11F2-4FFD-A7D1-D78554D48D90}.Release|Any CPU.Build.0 = Release|Any CPU
	EndGlobalSection
	GlobalSection(SolutionProperties) = preSolution
		HideSolutionNode = FALSE
	EndGlobalSection
	GlobalSection(NestedProjects) = preSolution
		{580E080A-FEA2-4DA8-8F5C-1FB2617222E2} = {04F3D8C1-0682-4BAF-8058-407327E57A92}
		{C7B0E0EE-11F2-4FFD-A7D1-D78554D48D90} = {04F3D8C1-0682-4BAF-8058-407327E57A92}
	EndGlobalSection
	GlobalSection(ExtensibilityGlobals) = postSolution
		SolutionGuid = {93D89852-B42E-48C4-85A0-974334B2A9B8}
	EndGlobalSection
EndGlobal
